<?xml version="1.0" encoding="utf-8"?>
<Project ToolsVersion="4.0" xmlns="http://schemas.microsoft.com/developer/msbuild/2003">
  <ItemGroup>
    <Filter Include="Source Files">
      <UniqueIdentifier>{4FC737F1-C7A5-4376-A066-2A32D752A2FF}</UniqueIdentifier>
      <Extensions>cpp;c;cc;cxx;def;odl;idl;hpj;bat;asm;asmx</Extensions>
    </Filter>
    <Filter Include="Header Files">
      <UniqueIdentifier>{93995380-89BD-4b04-88EB-625FBE52EBFB}</UniqueIdentifier>
      <Extensions>h;hh;hpp;hxx;hm;inl;inc;xsd</Extensions>
    </Filter>
    <Filter Include="Resource Files">
      <UniqueIdentifier>{67DA6AB6-F800-4c08-8B7A-83BB121AAD01}</UniqueIdentifier>
      <Extensions>rc;ico;cur;bmp;dlg;rc2;rct;bin;rgs;gif;jpg;jpeg;jpe;resx;tiff;tif;png;wav;mfcribbon-ms</Extensions>
    </Filter>
    <Filter Include="Header Files\Person">
      <UniqueIdentifier>{63398ba5-97b0-45b9-96b3-c0787851e134}</UniqueIdentifier>
    </Filter>
    <Filter Include="Header Files\Relation">
      <UniqueIdentifier>{d571df18-217f-491d-8888-c69c0a2859ee}</UniqueIdentifier>
    </Filter>
    <Filter Include="Resource Files\Person">
      <UniqueIdentifier>{df038124-b7f9-4b3b-ac2a-406b644d4aee}</UniqueIdentifier>
    </Filter>
    <Filter Include="Resource Files\Relation">
      <UniqueIdentifier>{a9ceb9f1-90e0-4844-8717-7b67dd580af0}</UniqueIdentifier>
    </Filter>
    <Filter Include="Header Files\Menu">
      <UniqueIdentifier>{e95f8fb8-ece1-4166-bc75-053644b99393}</UniqueIdentifier>
    </Filter>
    <Filter Include="Resource Files\Menu">
      <UniqueIdentifier>{9c21bc60-9133-4d3f-a326-c47301eb210d}</UniqueIdentifier>
    </Filter>
    <Filter Include="Header Files\Data">
      <UniqueIdentifier>{3c09115e-3303-4ade-9413-d7f59b0faea2}</UniqueIdentifier>
    </Filter>
    <Filter Include="Resource Files\Data">
      <UniqueIdentifier>{91dcdf5b-fa85-42a0-bcf0-045c845b7f4a}</UniqueIdentifier>
    </Filter>
    <Filter Include="Header Files\Engine">
      <UniqueIdentifier>{84dace8a-339e-4620-ab80-f8535cf49fc4}</UniqueIdentifier>
    </Filter>
    <Filter Include="Resource Files\Engine">
      <UniqueIdentifier>{6e325648-cfe6-4d67-b289-fdecd91c6f81}</UniqueIdentifier>
    </Filter>
  </ItemGroup>
  <ItemGroup>
    <ClCompile Include="Main.cpp">
      <Filter>Source Files</Filter>
    </ClCompile>
    <ClCompile Include="Data\person\C_children.cpp">
      <Filter>Resource Files\Person</Filter>
    </ClCompile>
    <ClCompile Include="Data\person\C_partner.cpp">
      <Filter>Resource Files\Person</Filter>
    </ClCompile>
    <ClCompile Include="Data\person\C_perosn_base.cpp">
      <Filter>Resource Files\Person</Filter>
    </ClCompile>
    <ClCompile Include="Data\person\C_sibling.cpp">
      <Filter>Resource Files\Person</Filter>
    </ClCompile>
    <ClCompile Include="Data\person\C_perosn_null.cpp">
      <Filter>Resource Files\Person</Filter>
    </ClCompile>
    <ClCompile Include="Data\person\C_fabric_person.cpp">
      <Filter>Resource Files\Person</Filter>
    </ClCompile>
    <ClCompile Include="Data\relation\C_relation.cpp">
      <Filter>Resource Files\Relation</Filter>
    </ClCompile>
    <ClCompile Include="Data\relation\C_relationship.cpp">
      <Filter>Resource Files\Relation</Filter>
    </ClCompile>
    <ClCompile Include="Data\menu\C_fabric_menu.cpp">
      <Filter>Resource Files\Menu</Filter>
    </ClCompile>
    <ClCompile Include="Data\menu\C_menu.cpp">
      <Filter>Resource Files\Menu</Filter>
    </ClCompile>
    <ClCompile Include="Data\menu\C_menu_base.cpp">
      <Filter>Resource Files\Menu</Filter>
    </ClCompile>
    <ClCompile Include="Data\menu\C_menu_edition.cpp">
      <Filter>Resource Files\Menu</Filter>
    </ClCompile>
    <ClCompile Include="Data\menu\C_menu_glowne.cpp">
      <Filter>Resource Files\Menu</Filter>
    </ClCompile>
    <ClCompile Include="Data\menu\C_menu_tree.cpp">
      <Filter>Resource Files\Menu</Filter>
    </ClCompile>
    <ClCompile Include="Data\data\C_date.cpp">
      <Filter>Resource Files\Data</Filter>
    </ClCompile>
    <ClCompile Include="Data\data\C_id.cpp">
      <Filter>Resource Files\Data</Filter>
    </ClCompile>
    <ClCompile Include="Data\data\C_data_base.cpp">
      <Filter>Resource Files\Data</Filter>
    </ClCompile>
    <ClCompile Include="Data\person\C_parent.cpp">
      <Filter>Resource Files\Person</Filter>
    </ClCompile>
    <ClCompile Include="Data\engine\C_tree.cpp">
      <Filter>Resource Files\Engine</Filter>
    </ClCompile>
    <ClCompile Include="Data\engine\C_engine_tree.cpp">
      <Filter>Resource Files\Engine</Filter>
    </ClCompile>
    <ClCompile Include="Data\engine\C_engine_software.cpp">
      <Filter>Resource Files\Engine</Filter>
    </ClCompile>
    <ClCompile Include="Data\engine\C_engine_hardware.cpp">
      <Filter>Resource Files\Engine</Filter>
    </ClCompile>
    <ClCompile Include="Data\engine\C_db.cpp">
      <Filter>Resource Files\Engine</Filter>
    </ClCompile>
    <ClCompile Include="Data\engine\C_aplication.cpp">
      <Filter>Resource Files\Engine</Filter>
    </ClCompile>
  </ItemGroup>
  <ItemGroup>
    <ClInclude Include="Data\person\C_children.hpp">
      <Filter>Header Files\Person</Filter>
    </ClInclude>
    <ClInclude Include="Data\person\C_fabric_person.hpp">
      <Filter>Header Files\Person</Filter>
    </ClInclude>
    <ClInclude Include="Data\person\C_partner.hpp">
      <Filter>Header Files\Person</Filter>
    </ClInclude>
    <ClInclude Include="Data\person\C_person_null.hpp">
      <Filter>Header Files\Person</Filter>
    </ClInclude>
    <ClInclude Include="Data\person\C_person_base.hpp">
      <Filter>Header Files\Person</Filter>
    </ClInclude>
    <ClInclude Include="Data\person\C_sibling.hpp">
      <Filter>Header Files\Person</Filter>
    </ClInclude>
    <ClInclude Include="Data\relation\C_relation.hpp">
      <Filter>Header Files\Relation</Filter>
    </ClInclude>
    <ClInclude Include="Data\relation\C_relationship.hpp">
      <Filter>Header Files\Relation</Filter>
    </ClInclude>
    <ClInclude Include="Data\menu\C_fabric_menu.hpp">
      <Filter>Header Files\Menu</Filter>
    </ClInclude>
    <ClInclude Include="Data\menu\C_menu.hpp">
      <Filter>Header Files\Menu</Filter>
    </ClInclude>
    <ClInclude Include="Data\menu\C_menu_base.hpp">
      <Filter>Header Files\Menu</Filter>
    </ClInclude>
    <ClInclude Include="Data\menu\C_menu_edition.hpp">
      <Filter>Header Files\Menu</Filter>
    </ClInclude>
    <ClInclude Include="Data\menu\C_menu_glowne.hpp">
      <Filter>Header Files\Menu</Filter>
    </ClInclude>
    <ClInclude Include="Data\menu\C_menu_tree.hpp">
      <Filter>Header Files\Menu</Filter>
    </ClInclude>
    <ClInclude Include="Data\data\C_data_base.hpp">
      <Filter>Header Files\Data</Filter>
    </ClInclude>
    <ClInclude Include="Data\data\C_date.hpp">
      <Filter>Header Files\Data</Filter>
    </ClInclude>
    <ClInclude Include="Data\data\C_id.hpp">
      <Filter>Header Files\Data</Filter>
    </ClInclude>
    <ClInclude Include="Data\person\C_parent.hpp">
      <Filter>Header Files\Person</Filter>
    </ClInclude>
    <ClInclude Include="Data\engine\C_aplication.hpp">
      <Filter>Header Files\Engine</Filter>
    </ClInclude>
    <ClInclude Include="Data\engine\C_db.hpp">
      <Filter>Header Files\Engine</Filter>
    </ClInclude>
    <ClInclude Include="Data\engine\C_engine_hardware.hpp">
      <Filter>Header Files\Engine</Filter>
    </ClInclude>
    <ClInclude Include="Data\engine\C_engine_software.hpp">
      <Filter>Header Files\Engine</Filter>
    </ClInclude>
    <ClInclude Include="Data\engine\C_engine_tree.hpp">
      <Filter>Header Files\Engine</Filter>
    </ClInclude>
    <ClInclude Include="Data\engine\C_tree.hpp">
      <Filter>Header Files\Engine</Filter>
    </ClInclude>
    <ClInclude Include="Data\engine\define.hpp">
      <Filter>Header Files\Engine</Filter>
    </ClInclude>
  </ItemGroup>
  <ItemGroup>
    <None Include="ClassDiagram.cd" />
    <None Include="ClassDiagram1.cd" />
    <None Include="ClassDiagram2.cd" />
    <None Include="ClassDiagram3.cd" />
  </ItemGroup>
</Project>